lockfileVersion: '9.0'

settings:
  autoInstallPeers: false
  excludeLinksFromLockfile: false

pnpmfileChecksum: sha256-WD2iHMB0TVg57gFqe3iV6oE450si9qBGIhi+6Vafu4s=

patchedDependencies:
  '@wordpress/build': 6f3fbefb10df6ce84b2e3c307e3894b697d87a888315abc805b6ff67bf7de635
  react-autosize-textarea: 5c09e1dee59caaaba3871f9d722f93e56b41169db486b059597e8f8c788aa464

importers:

  .:
    devDependencies:
      husky:
        specifier: 9.1.7
        version: 9.1.7

packages:

  husky@9.1.7:
    resolution: {integrity: sha512-5gs5ytaNjBrh5Ow3zrvdUUY+0VxIuWVL4i9irt6friV+BqdCfmV11CQTWMiBYWHbXhco+J1kHfTOUkePhCDvMA==}
    engines: {node: '>=18'}
    hasBin: true

ignoredOptionalDependencies:
  - '@oxc-parser/binding-wasm32-wasi'
  - '@rolldown/binding-wasm32-wasi'
  - sass-embedded-all-unknown
  - sass-embedded-unknown-all

snapshots:

  husky@9.1.7: {}
